{
  "name": "network_example",
  "version": "0.0.0",
  "lockfileVersion": 3,
  "requires": true,
  "packages": {
    "": {
      "name": "network_example",
      "version": "0.0.0",
      "dependencies": {
        "d3": "^7.8.4",
        "d3-dsv": "^3.0.1",
        "graphology": "^0.25.1",
        "graphology-layout-forceatlas2": "^0.10.1",
        "sigma": "^3.0.0-alpha3"
      },
      "devDependencies": {
        "vite": "^4.2.0"
      }
    },
    "node_modules/@esbuild/android-arm": {
      "version": "0.17.16",
      "resolved": "https://registry.npmjs.org/@esbuild/android-arm/-/android-arm-0.17.16.tgz",
      "integrity": "sha512-baLqRpLe4JnKrUXLJChoTN0iXZH7El/mu58GE3WIA6/H834k0XWvLRmGLG8y8arTRS9hJJibPnF0tiGhmWeZgw==",
      "cpu": [
        "arm"
      ],
      "dev": true,
      "optional": true,
      "os": [
        "android"
      ],
      "engines": {
        "node": ">=12"
      }
    },
    "node_modules/@esbuild/android-arm64": {
      "version": "0.17.16",
      "resolved": "https://registry.npmjs.org/@esbuild/android-arm64/-/android-arm64-0.17.16.tgz",
      "integrity": "sha512-QX48qmsEZW+gcHgTmAj+x21mwTz8MlYQBnzF6861cNdQGvj2jzzFjqH0EBabrIa/WVZ2CHolwMoqxVryqKt8+Q==",
      "cpu": [
        "arm64"
      ],
      "dev": true,
      "optional": true,
      "os": [
        "android"
      ],
      "engines": {
        "node": ">=12"
      }
    },
    "node_modules/@esbuild/android-x64": {
      "version": "0.17.16",
      "resolved": "https://registry.npmjs.org/@esbuild/android-x64/-/android-x64-0.17.16.tgz",
      "integrity": "sha512-G4wfHhrrz99XJgHnzFvB4UwwPxAWZaZBOFXh+JH1Duf1I4vIVfuYY9uVLpx4eiV2D/Jix8LJY+TAdZ3i40tDow==",
      "cpu": [
        "x64"
      ],
      "dev": true,
      "optional": true,
      "os": [
        "android"
      ],
      "engines": {
        "node": ">=12"
      }
    },
    "node_modules/@esbuild/darwin-arm64": {
      "version": "0.17.16",
      "resolved": "https://registry.npmjs.org/@esbuild/darwin-arm64/-/darwin-arm64-0.17.16.tgz",
      "integrity": "sha512-/Ofw8UXZxuzTLsNFmz1+lmarQI6ztMZ9XktvXedTbt3SNWDn0+ODTwxExLYQ/Hod91EZB4vZPQJLoqLF0jvEzA==",
      "cpu": [
        "arm64"
      ],
      "dev": true,
      "optional": true,
      "os": [
        "darwin"
      ],
      "engines": {
        "node": ">=12"
      }
    },
    "node_modules/@esbuild/darwin-x64": {
      "version": "0.17.16",
      "resolved": "https://registry.npmjs.org/@esbuild/darwin-x64/-/darwin-x64-0.17.16.tgz",
      "integrity": "sha512-SzBQtCV3Pdc9kyizh36Ol+dNVhkDyIrGb/JXZqFq8WL37LIyrXU0gUpADcNV311sCOhvY+f2ivMhb5Tuv8nMOQ==",
      "cpu": [
        "x64"
      ],
      "dev": true,
      "optional": true,
      "os": [
        "darwin"
      ],
      "engines": {
        "node": ">=12"
      }
    },
    "node_modules/@esbuild/freebsd-arm64": {
      "version": "0.17.16",
      "resolved": "https://registry.npmjs.org/@esbuild/freebsd-arm64/-/freebsd-arm64-0.17.16.tgz",
      "integrity": "sha512-ZqftdfS1UlLiH1DnS2u3It7l4Bc3AskKeu+paJSfk7RNOMrOxmeFDhLTMQqMxycP1C3oj8vgkAT6xfAuq7ZPRA==",
      "cpu": [
        "arm64"
      ],
      "dev": true,
      "optional": true,
      "os": [
        "freebsd"
      ],
      "engines": {
        "node": ">=12"
      }
    },
    "node_modules/@esbuild/freebsd-x64": {
      "version": "0.17.16",
      "resolved": "https://registry.npmjs.org/@esbuild/freebsd-x64/-/freebsd-x64-0.17.16.tgz",
      "integrity": "sha512-rHV6zNWW1tjgsu0dKQTX9L0ByiJHHLvQKrWtnz8r0YYJI27FU3Xu48gpK2IBj1uCSYhJ+pEk6Y0Um7U3rIvV8g==",
      "cpu": [
        "x64"
      ],
      "dev": true,
      "optional": true,
      "os": [
        "freebsd"
      ],
      "engines": {
        "node": ">=12"
      }
    },
    "node_modules/@esbuild/linux-arm": {
      "version": "0.17.16",
      "resolved": "https://registry.npmjs.org/@esbuild/linux-arm/-/linux-arm-0.17.16.tgz",
      "integrity": "sha512-n4O8oVxbn7nl4+m+ISb0a68/lcJClIbaGAoXwqeubj/D1/oMMuaAXmJVfFlRjJLu/ZvHkxoiFJnmbfp4n8cdSw==",
      "cpu": [
        "arm"
      ],
      "dev": true,
      "optional": true,
      "os": [
        "linux"
      ],
      "engines": {
        "node": ">=12"
      }
    },
    "node_modules/@esbuild/linux-arm64": {
      "version": "0.17.16",
      "resolved": "https://registry.npmjs.org/@esbuild/linux-arm64/-/linux-arm64-0.17.16.tgz",
      "integrity": "sha512-8yoZhGkU6aHu38WpaM4HrRLTFc7/VVD9Q2SvPcmIQIipQt2I/GMTZNdEHXoypbbGao5kggLcxg0iBKjo0SQYKA==",
      "cpu": [
        "arm64"
      ],
      "dev": true,
      "optional": true,
      "os": [
        "linux"
      ],
      "engines": {
        "node": ">=12"
      }
    },
    "node_modules/@esbuild/linux-ia32": {
      "version": "0.17.16",
      "resolved": "https://registry.npmjs.org/@esbuild/linux-ia32/-/linux-ia32-0.17.16.tgz",
      "integrity": "sha512-9ZBjlkdaVYxPNO8a7OmzDbOH9FMQ1a58j7Xb21UfRU29KcEEU3VTHk+Cvrft/BNv0gpWJMiiZ/f4w0TqSP0gLA==",
      "cpu": [
        "ia32"
      ],
      "dev": true,
      "optional": true,
      "os": [
        "linux"
      ],
      "engines": {
        "node": ">=12"
      }
    },
    "node_modules/@esbuild/linux-loong64": {
      "version": "0.17.16",
      "resolved": "https://registry.npmjs.org/@esbuild/linux-loong64/-/linux-loong64-0.17.16.tgz",
      "integrity": "sha512-TIZTRojVBBzdgChY3UOG7BlPhqJz08AL7jdgeeu+kiObWMFzGnQD7BgBBkWRwOtKR1i2TNlO7YK6m4zxVjjPRQ==",
      "cpu": [
        "loong64"
      ],
      "dev": true,
      "optional": true,
      "os": [
        "linux"
      ],
      "engines": {
        "node": ">=12"
      }
    },
    "node_modules/@esbuild/linux-mips64el": {
      "version": "0.17.16",
      "resolved": "https://registry.npmjs.org/@esbuild/linux-mips64el/-/linux-mips64el-0.17.16.tgz",
      "integrity": "sha512-UPeRuFKCCJYpBbIdczKyHLAIU31GEm0dZl1eMrdYeXDH+SJZh/i+2cAmD3A1Wip9pIc5Sc6Kc5cFUrPXtR0XHA==",
      "cpu": [
        "mips64el"
      ],
      "dev": true,
      "optional": true,
      "os": [
        "linux"
      ],
      "engines": {
        "node": ">=12"
      }
    },
    "node_modules/@esbuild/linux-ppc64": {
      "version": "0.17.16",
      "resolved": "https://registry.npmjs.org/@esbuild/linux-ppc64/-/linux-ppc64-0.17.16.tgz",
      "integrity": "sha512-io6yShgIEgVUhExJejJ21xvO5QtrbiSeI7vYUnr7l+v/O9t6IowyhdiYnyivX2X5ysOVHAuyHW+Wyi7DNhdw6Q==",
      "cpu": [
        "ppc64"
      ],
      "dev": true,
      "optional": true,
      "os": [
        "linux"
      ],
      "engines": {
        "node": ">=12"
      }
    },
    "node_modules/@esbuild/linux-riscv64": {
      "version": "0.17.16",
      "resolved": "https://registry.npmjs.org/@esbuild/linux-riscv64/-/linux-riscv64-0.17.16.tgz",
      "integrity": "sha512-WhlGeAHNbSdG/I2gqX2RK2gfgSNwyJuCiFHMc8s3GNEMMHUI109+VMBfhVqRb0ZGzEeRiibi8dItR3ws3Lk+cA==",
      "cpu": [
        "riscv64"
      ],
      "dev": true,
      "optional": true,
      "os": [
        "linux"
      ],
      "engines": {
        "node": ">=12"
      }
    },
    "node_modules/@esbuild/linux-s390x": {
      "version": "0.17.16",
      "resolved": "https://registry.npmjs.org/@esbuild/linux-s390x/-/linux-s390x-0.17.16.tgz",
      "integrity": "sha512-gHRReYsJtViir63bXKoFaQ4pgTyah4ruiMRQ6im9YZuv+gp3UFJkNTY4sFA73YDynmXZA6hi45en4BGhNOJUsw==",
      "cpu": [
        "s390x"
      ],
      "dev": true,
      "optional": true,
      "os": [
        "linux"
      ],
      "engines": {
        "node": ">=12"
      }
    },
    "node_modules/@esbuild/linux-x64": {
      "version": "0.17.16",
      "resolved": "https://registry.npmjs.org/@esbuild/linux-x64/-/linux-x64-0.17.16.tgz",
      "integrity": "sha512-mfiiBkxEbUHvi+v0P+TS7UnA9TeGXR48aK4XHkTj0ZwOijxexgMF01UDFaBX7Q6CQsB0d+MFNv9IiXbIHTNd4g==",
      "cpu": [
        "x64"
      ],
      "dev": true,
      "optional": true,
      "os": [
        "linux"
      ],
      "engines": {
        "node": ">=12"
      }
    },
    "node_modules/@esbuild/netbsd-x64": {
      "version": "0.17.16",
      "resolved": "https://registry.npmjs.org/@esbuild/netbsd-x64/-/netbsd-x64-0.17.16.tgz",
      "integrity": "sha512-n8zK1YRDGLRZfVcswcDMDM0j2xKYLNXqei217a4GyBxHIuPMGrrVuJ+Ijfpr0Kufcm7C1k/qaIrGy6eG7wvgmA==",
      "cpu": [
        "x64"
      ],
      "dev": true,
      "optional": true,
      "os": [
        "netbsd"
      ],
      "engines": {
        "node": ">=12"
      }
    },
    "node_modules/@esbuild/openbsd-x64": {
      "version": "0.17.16",
      "resolved": "https://registry.npmjs.org/@esbuild/openbsd-x64/-/openbsd-x64-0.17.16.tgz",
      "integrity": "sha512-lEEfkfsUbo0xC47eSTBqsItXDSzwzwhKUSsVaVjVji07t8+6KA5INp2rN890dHZeueXJAI8q0tEIfbwVRYf6Ew==",
      "cpu": [
        "x64"
      ],
      "dev": true,
      "optional": true,
      "os": [
        "openbsd"
      ],
      "engines": {
        "node": ">=12"
      }
    },
    "node_modules/@esbuild/sunos-x64": {
      "version": "0.17.16",
      "resolved": "https://registry.npmjs.org/@esbuild/sunos-x64/-/sunos-x64-0.17.16.tgz",
      "integrity": "sha512-jlRjsuvG1fgGwnE8Afs7xYDnGz0dBgTNZfgCK6TlvPH3Z13/P5pi6I57vyLE8qZYLrGVtwcm9UbUx1/mZ8Ukag==",
      "cpu": [
        "x64"
      ],
      "dev": true,
      "optional": true,
      "os": [
        "sunos"
      ],
      "engines": {
        "node": ">=12"
      }
    },
    "node_modules/@esbuild/win32-arm64": {
      "version": "0.17.16",
      "resolved": "https://registry.npmjs.org/@esbuild/win32-arm64/-/win32-arm64-0.17.16.tgz",
      "integrity": "sha512-TzoU2qwVe2boOHl/3KNBUv2PNUc38U0TNnzqOAcgPiD/EZxT2s736xfC2dYQbszAwo4MKzzwBV0iHjhfjxMimg==",
      "cpu": [
        "arm64"
      ],
      "dev": true,
      "optional": true,
      "os": [
        "win32"
      ],
      "engines": {
        "node": ">=12"
      }
    },
    "node_modules/@esbuild/win32-ia32": {
      "version": "0.17.16",
      "resolved": "https://registry.npmjs.org/@esbuild/win32-ia32/-/win32-ia32-0.17.16.tgz",
      "integrity": "sha512-B8b7W+oo2yb/3xmwk9Vc99hC9bNolvqjaTZYEfMQhzdpBsjTvZBlXQ/teUE55Ww6sg//wlcDjOaqldOKyigWdA==",
      "cpu": [
        "ia32"
      ],
      "dev": true,
      "optional": true,
      "os": [
        "win32"
      ],
      "engines": {
        "node": ">=12"
      }
    },
    "node_modules/@esbuild/win32-x64": {
      "version": "0.17.16",
      "resolved": "https://registry.npmjs.org/@esbuild/win32-x64/-/win32-x64-0.17.16.tgz",
      "integrity": "sha512-xJ7OH/nanouJO9pf03YsL9NAFQBHd8AqfrQd7Pf5laGyyTt/gToul6QYOA/i5i/q8y9iaM5DQFNTgpi995VkOg==",
      "cpu": [
        "x64"
      ],
      "dev": true,
      "optional": true,
      "os": [
        "win32"
      ],
      "engines": {
        "node": ">=12"
      }
    },
    "node_modules/@yomguithereal/helpers": {
      "version": "1.1.1",
      "resolved": "https://registry.npmjs.org/@yomguithereal/helpers/-/helpers-1.1.1.tgz",
      "integrity": "sha512-UYvAq/XCA7xoh1juWDYsq3W0WywOB+pz8cgVnE1b45ZfdMhBvHDrgmSFG3jXeZSr2tMTYLGHFHON+ekG05Jebg=="
    },
    "node_modules/commander": {
      "version": "7.2.0",
      "resolved": "https://registry.npmjs.org/commander/-/commander-7.2.0.tgz",
      "integrity": "sha512-QrWXB+ZQSVPmIWIhtEO9H+gwHaMGYiF5ChvoJ+K9ZGHG/sVsa6yiesAD1GC/x46sET00Xlwo1u49RVVVzvcSkw==",
      "engines": {
        "node": ">= 10"
      }
    },
    "node_modules/d3": {
      "version": "7.8.4",
      "resolved": "https://registry.npmjs.org/d3/-/d3-7.8.4.tgz",
      "integrity": "sha512-q2WHStdhiBtD8DMmhDPyJmXUxr6VWRngKyiJ5EfXMxPw+tqT6BhNjhJZ4w3BHsNm3QoVfZLY8Orq/qPFczwKRA==",
      "dependencies": {
        "d3-array": "3",
        "d3-axis": "3",
        "d3-brush": "3",
        "d3-chord": "3",
        "d3-color": "3",
        "d3-contour": "4",
        "d3-delaunay": "6",
        "d3-dispatch": "3",
        "d3-drag": "3",
        "d3-dsv": "3",
        "d3-ease": "3",
        "d3-fetch": "3",
        "d3-force": "3",
        "d3-format": "3",
        "d3-geo": "3",
        "d3-hierarchy": "3",
        "d3-interpolate": "3",
        "d3-path": "3",
        "d3-polygon": "3",
        "d3-quadtree": "3",
        "d3-random": "3",
        "d3-scale": "4",
        "d3-scale-chromatic": "3",
        "d3-selection": "3",
        "d3-shape": "3",
        "d3-time": "3",
        "d3-time-format": "4",
        "d3-timer": "3",
        "d3-transition": "3",
        "d3-zoom": "3"
      },
      "engines": {
        "node": ">=12"
      }
    },
    "node_modules/d3-array": {
      "version": "3.2.3",
      "resolved": "https://registry.npmjs.org/d3-array/-/d3-array-3.2.3.tgz",
      "integrity": "sha512-JRHwbQQ84XuAESWhvIPaUV4/1UYTBOLiOPGWqgFDHZS1D5QN9c57FbH3QpEnQMYiOXNzKUQyGTZf+EVO7RT5TQ==",
      "dependencies": {
        "internmap": "1 - 2"
      },
      "engines": {
        "node": ">=12"
      }
    },
    "node_modules/d3-axis": {
      "version": "3.0.0",
      "resolved": "https://registry.npmjs.org/d3-axis/-/d3-axis-3.0.0.tgz",
      "integrity": "sha512-IH5tgjV4jE/GhHkRV0HiVYPDtvfjHQlQfJHs0usq7M30XcSBvOotpmH1IgkcXsO/5gEQZD43B//fc7SRT5S+xw==",
      "engines": {
        "node": ">=12"
      }
    },
    "node_modules/d3-brush": {
      "version": "3.0.0",
      "resolved": "https://registry.npmjs.org/d3-brush/-/d3-brush-3.0.0.tgz",
      "integrity": "sha512-ALnjWlVYkXsVIGlOsuWH1+3udkYFI48Ljihfnh8FZPF2QS9o+PzGLBslO0PjzVoHLZ2KCVgAM8NVkXPJB2aNnQ==",
      "dependencies": {
        "d3-dispatch": "1 - 3",
        "d3-drag": "2 - 3",
        "d3-interpolate": "1 - 3",
        "d3-selection": "3",
        "d3-transition": "3"
      },
      "engines": {
        "node": ">=12"
      }
    },
    "node_modules/d3-chord": {
      "version": "3.0.1",
      "resolved": "https://registry.npmjs.org/d3-chord/-/d3-chord-3.0.1.tgz",
      "integrity": "sha512-VE5S6TNa+j8msksl7HwjxMHDM2yNK3XCkusIlpX5kwauBfXuyLAtNg9jCp/iHH61tgI4sb6R/EIMWCqEIdjT/g==",
      "dependencies": {
        "d3-path": "1 - 3"
      },
      "engines": {
        "node": ">=12"
      }
    },
    "node_modules/d3-color": {
      "version": "3.1.0",
      "resolved": "https://registry.npmjs.org/d3-color/-/d3-color-3.1.0.tgz",
      "integrity": "sha512-zg/chbXyeBtMQ1LbD/WSoW2DpC3I0mpmPdW+ynRTj/x2DAWYrIY7qeZIHidozwV24m4iavr15lNwIwLxRmOxhA==",
      "engines": {
        "node": ">=12"
      }
    },
    "node_modules/d3-contour": {
      "version": "4.0.2",
      "resolved": "https://registry.npmjs.org/d3-contour/-/d3-contour-4.0.2.tgz",
      "integrity": "sha512-4EzFTRIikzs47RGmdxbeUvLWtGedDUNkTcmzoeyg4sP/dvCexO47AaQL7VKy/gul85TOxw+IBgA8US2xwbToNA==",
      "dependencies": {
        "d3-array": "^3.2.0"
      },
      "engines": {
        "node": ">=12"
      }
    },
    "node_modules/d3-delaunay": {
      "version": "6.0.4",
      "resolved": "https://registry.npmjs.org/d3-delaunay/-/d3-delaunay-6.0.4.tgz",
      "integrity": "sha512-mdjtIZ1XLAM8bm/hx3WwjfHt6Sggek7qH043O8KEjDXN40xi3vx/6pYSVTwLjEgiXQTbvaouWKynLBiUZ6SK6A==",
      "dependencies": {
        "delaunator": "5"
      },
      "engines": {
        "node": ">=12"
      }
    },
    "node_modules/d3-dispatch": {
      "version": "3.0.1",
      "resolved": "https://registry.npmjs.org/d3-dispatch/-/d3-dispatch-3.0.1.tgz",
      "integrity": "sha512-rzUyPU/S7rwUflMyLc1ETDeBj0NRuHKKAcvukozwhshr6g6c5d8zh4c2gQjY2bZ0dXeGLWc1PF174P2tVvKhfg==",
      "engines": {
        "node": ">=12"
      }
    },
    "node_modules/d3-drag": {
      "version": "3.0.0",
      "resolved": "https://registry.npmjs.org/d3-drag/-/d3-drag-3.0.0.tgz",
      "integrity": "sha512-pWbUJLdETVA8lQNJecMxoXfH6x+mO2UQo8rSmZ+QqxcbyA3hfeprFgIT//HW2nlHChWeIIMwS2Fq+gEARkhTkg==",
      "dependencies": {
        "d3-dispatch": "1 - 3",
        "d3-selection": "3"
      },
      "engines": {
        "node": ">=12"
      }
    },
    "node_modules/d3-dsv": {
      "version": "3.0.1",
      "resolved": "https://registry.npmjs.org/d3-dsv/-/d3-dsv-3.0.1.tgz",
      "integrity": "sha512-UG6OvdI5afDIFP9w4G0mNq50dSOsXHJaRE8arAS5o9ApWnIElp8GZw1Dun8vP8OyHOZ/QJUKUJwxiiCCnUwm+Q==",
      "dependencies": {
        "commander": "7",
        "iconv-lite": "0.6",
        "rw": "1"
      },
      "bin": {
        "csv2json": "bin/dsv2json.js",
        "csv2tsv": "bin/dsv2dsv.js",
        "dsv2dsv": "bin/dsv2dsv.js",
        "dsv2json": "bin/dsv2json.js",
        "json2csv": "bin/json2dsv.js",
        "json2dsv": "bin/json2dsv.js",
        "json2tsv": "bin/json2dsv.js",
        "tsv2csv": "bin/dsv2dsv.js",
        "tsv2json": "bin/dsv2json.js"
      },
      "engines": {
        "node": ">=12"
      }
    },
    "node_modules/d3-ease": {
      "version": "3.0.1",
      "resolved": "https://registry.npmjs.org/d3-ease/-/d3-ease-3.0.1.tgz",
      "integrity": "sha512-wR/XK3D3XcLIZwpbvQwQ5fK+8Ykds1ip7A2Txe0yxncXSdq1L9skcG7blcedkOX+ZcgxGAmLX1FrRGbADwzi0w==",
      "engines": {
        "node": ">=12"
      }
    },
    "node_modules/d3-fetch": {
      "version": "3.0.1",
      "resolved": "https://registry.npmjs.org/d3-fetch/-/d3-fetch-3.0.1.tgz",
      "integrity": "sha512-kpkQIM20n3oLVBKGg6oHrUchHM3xODkTzjMoj7aWQFq5QEM+R6E4WkzT5+tojDY7yjez8KgCBRoj4aEr99Fdqw==",
      "dependencies": {
        "d3-dsv": "1 - 3"
      },
      "engines": {
        "node": ">=12"
      }
    },
    "node_modules/d3-force": {
      "version": "3.0.0",
      "resolved": "https://registry.npmjs.org/d3-force/-/d3-force-3.0.0.tgz",
      "integrity": "sha512-zxV/SsA+U4yte8051P4ECydjD/S+qeYtnaIyAs9tgHCqfguma/aAQDjo85A9Z6EKhBirHRJHXIgJUlffT4wdLg==",
      "dependencies": {
        "d3-dispatch": "1 - 3",
        "d3-quadtree": "1 - 3",
        "d3-timer": "1 - 3"
      },
      "engines": {
        "node": ">=12"
      }
    },
    "node_modules/d3-format": {
      "version": "3.1.0",
      "resolved": "https://registry.npmjs.org/d3-format/-/d3-format-3.1.0.tgz",
      "integrity": "sha512-YyUI6AEuY/Wpt8KWLgZHsIU86atmikuoOmCfommt0LYHiQSPjvX2AcFc38PX0CBpr2RCyZhjex+NS/LPOv6YqA==",
      "engines": {
        "node": ">=12"
      }
    },
    "node_modules/d3-geo": {
      "version": "3.1.0",
      "resolved": "https://registry.npmjs.org/d3-geo/-/d3-geo-3.1.0.tgz",
      "integrity": "sha512-JEo5HxXDdDYXCaWdwLRt79y7giK8SbhZJbFWXqbRTolCHFI5jRqteLzCsq51NKbUoX0PjBVSohxrx+NoOUujYA==",
      "dependencies": {
        "d3-array": "2.5.0 - 3"
      },
      "engines": {
        "node": ">=12"
      }
    },
    "node_modules/d3-hierarchy": {
      "version": "3.1.2",
      "resolved": "https://registry.npmjs.org/d3-hierarchy/-/d3-hierarchy-3.1.2.tgz",
      "integrity": "sha512-FX/9frcub54beBdugHjDCdikxThEqjnR93Qt7PvQTOHxyiNCAlvMrHhclk3cD5VeAaq9fxmfRp+CnWw9rEMBuA==",
      "engines": {
        "node": ">=12"
      }
    },
    "node_modules/d3-interpolate": {
      "version": "3.0.1",
      "resolved": "https://registry.npmjs.org/d3-interpolate/-/d3-interpolate-3.0.1.tgz",
      "integrity": "sha512-3bYs1rOD33uo8aqJfKP3JWPAibgw8Zm2+L9vBKEHJ2Rg+viTR7o5Mmv5mZcieN+FRYaAOWX5SJATX6k1PWz72g==",
      "dependencies": {
        "d3-color": "1 - 3"
      },
      "engines": {
        "node": ">=12"
      }
    },
    "node_modules/d3-path": {
      "version": "3.1.0",
      "resolved": "https://registry.npmjs.org/d3-path/-/d3-path-3.1.0.tgz",
      "integrity": "sha512-p3KP5HCf/bvjBSSKuXid6Zqijx7wIfNW+J/maPs+iwR35at5JCbLUT0LzF1cnjbCHWhqzQTIN2Jpe8pRebIEFQ==",
      "engines": {
        "node": ">=12"
      }
    },
    "node_modules/d3-polygon": {
      "version": "3.0.1",
      "resolved": "https://registry.npmjs.org/d3-polygon/-/d3-polygon-3.0.1.tgz",
      "integrity": "sha512-3vbA7vXYwfe1SYhED++fPUQlWSYTTGmFmQiany/gdbiWgU/iEyQzyymwL9SkJjFFuCS4902BSzewVGsHHmHtXg==",
      "engines": {
        "node": ">=12"
      }
    },
    "node_modules/d3-quadtree": {
      "version": "3.0.1",
      "resolved": "https://registry.npmjs.org/d3-quadtree/-/d3-quadtree-3.0.1.tgz",
      "integrity": "sha512-04xDrxQTDTCFwP5H6hRhsRcb9xxv2RzkcsygFzmkSIOJy3PeRJP7sNk3VRIbKXcog561P9oU0/rVH6vDROAgUw==",
      "engines": {
        "node": ">=12"
      }
    },
    "node_modules/d3-random": {
      "version": "3.0.1",
      "resolved": "https://registry.npmjs.org/d3-random/-/d3-random-3.0.1.tgz",
      "integrity": "sha512-FXMe9GfxTxqd5D6jFsQ+DJ8BJS4E/fT5mqqdjovykEB2oFbTMDVdg1MGFxfQW+FBOGoB++k8swBrgwSHT1cUXQ==",
      "engines": {
        "node": ">=12"
      }
    },
    "node_modules/d3-scale": {
      "version": "4.0.2",
      "resolved": "https://registry.npmjs.org/d3-scale/-/d3-scale-4.0.2.tgz",
      "integrity": "sha512-GZW464g1SH7ag3Y7hXjf8RoUuAFIqklOAq3MRl4OaWabTFJY9PN/E1YklhXLh+OQ3fM9yS2nOkCoS+WLZ6kvxQ==",
      "dependencies": {
        "d3-array": "2.10.0 - 3",
        "d3-format": "1 - 3",
        "d3-interpolate": "1.2.0 - 3",
        "d3-time": "2.1.1 - 3",
        "d3-time-format": "2 - 4"
      },
      "engines": {
        "node": ">=12"
      }
    },
    "node_modules/d3-scale-chromatic": {
      "version": "3.0.0",
      "resolved": "https://registry.npmjs.org/d3-scale-chromatic/-/d3-scale-chromatic-3.0.0.tgz",
      "integrity": "sha512-Lx9thtxAKrO2Pq6OO2Ua474opeziKr279P/TKZsMAhYyNDD3EnCffdbgeSYN5O7m2ByQsxtuP2CSDczNUIZ22g==",
      "dependencies": {
        "d3-color": "1 - 3",
        "d3-interpolate": "1 - 3"
      },
      "engines": {
        "node": ">=12"
      }
    },
    "node_modules/d3-selection": {
      "version": "3.0.0",
      "resolved": "https://registry.npmjs.org/d3-selection/-/d3-selection-3.0.0.tgz",
      "integrity": "sha512-fmTRWbNMmsmWq6xJV8D19U/gw/bwrHfNXxrIN+HfZgnzqTHp9jOmKMhsTUjXOJnZOdZY9Q28y4yebKzqDKlxlQ==",
      "engines": {
        "node": ">=12"
      }
    },
    "node_modules/d3-shape": {
      "version": "3.2.0",
      "resolved": "https://registry.npmjs.org/d3-shape/-/d3-shape-3.2.0.tgz",
      "integrity": "sha512-SaLBuwGm3MOViRq2ABk3eLoxwZELpH6zhl3FbAoJ7Vm1gofKx6El1Ib5z23NUEhF9AsGl7y+dzLe5Cw2AArGTA==",
      "dependencies": {
        "d3-path": "^3.1.0"
      },
      "engines": {
        "node": ">=12"
      }
    },
    "node_modules/d3-time": {
      "version": "3.1.0",
      "resolved": "https://registry.npmjs.org/d3-time/-/d3-time-3.1.0.tgz",
      "integrity": "sha512-VqKjzBLejbSMT4IgbmVgDjpkYrNWUYJnbCGo874u7MMKIWsILRX+OpX/gTk8MqjpT1A/c6HY2dCA77ZN0lkQ2Q==",
      "dependencies": {
        "d3-array": "2 - 3"
      },
      "engines": {
        "node": ">=12"
      }
    },
    "node_modules/d3-time-format": {
      "version": "4.1.0",
      "resolved": "https://registry.npmjs.org/d3-time-format/-/d3-time-format-4.1.0.tgz",
      "integrity": "sha512-dJxPBlzC7NugB2PDLwo9Q8JiTR3M3e4/XANkreKSUxF8vvXKqm1Yfq4Q5dl8budlunRVlUUaDUgFt7eA8D6NLg==",
      "dependencies": {
        "d3-time": "1 - 3"
      },
      "engines": {
        "node": ">=12"
      }
    },
    "node_modules/d3-timer": {
      "version": "3.0.1",
      "resolved": "https://registry.npmjs.org/d3-timer/-/d3-timer-3.0.1.tgz",
      "integrity": "sha512-ndfJ/JxxMd3nw31uyKoY2naivF+r29V+Lc0svZxe1JvvIRmi8hUsrMvdOwgS1o6uBHmiz91geQ0ylPP0aj1VUA==",
      "engines": {
        "node": ">=12"
      }
    },
    "node_modules/d3-transition": {
      "version": "3.0.1",
      "resolved": "https://registry.npmjs.org/d3-transition/-/d3-transition-3.0.1.tgz",
      "integrity": "sha512-ApKvfjsSR6tg06xrL434C0WydLr7JewBB3V+/39RMHsaXTOG0zmt/OAXeng5M5LBm0ojmxJrpomQVZ1aPvBL4w==",
      "dependencies": {
        "d3-color": "1 - 3",
        "d3-dispatch": "1 - 3",
        "d3-ease": "1 - 3",
        "d3-interpolate": "1 - 3",
        "d3-timer": "1 - 3"
      },
      "engines": {
        "node": ">=12"
      },
      "peerDependencies": {
        "d3-selection": "2 - 3"
      }
    },
    "node_modules/d3-zoom": {
      "version": "3.0.0",
      "resolved": "https://registry.npmjs.org/d3-zoom/-/d3-zoom-3.0.0.tgz",
      "integrity": "sha512-b8AmV3kfQaqWAuacbPuNbL6vahnOJflOhexLzMMNLga62+/nh0JzvJ0aO/5a5MVgUFGS7Hu1P9P03o3fJkDCyw==",
      "dependencies": {
        "d3-dispatch": "1 - 3",
        "d3-drag": "2 - 3",
        "d3-interpolate": "1 - 3",
        "d3-selection": "2 - 3",
        "d3-transition": "2 - 3"
      },
      "engines": {
        "node": ">=12"
      }
    },
    "node_modules/delaunator": {
      "version": "5.0.0",
      "resolved": "https://registry.npmjs.org/delaunator/-/delaunator-5.0.0.tgz",
      "integrity": "sha512-AyLvtyJdbv/U1GkiS6gUUzclRoAY4Gs75qkMygJJhU75LW4DNuSF2RMzpxs9jw9Oz1BobHjTdkG3zdP55VxAqw==",
      "dependencies": {
        "robust-predicates": "^3.0.0"
      }
    },
    "node_modules/esbuild": {
      "version": "0.17.16",
      "resolved": "https://registry.npmjs.org/esbuild/-/esbuild-0.17.16.tgz",
      "integrity": "sha512-aeSuUKr9aFVY9Dc8ETVELGgkj4urg5isYx8pLf4wlGgB0vTFjxJQdHnNH6Shmx4vYYrOTLCHtRI5i1XZ9l2Zcg==",
      "dev": true,
      "hasInstallScript": true,
      "bin": {
        "esbuild": "bin/esbuild"
      },
      "engines": {
        "node": ">=12"
      },
      "optionalDependencies": {
        "@esbuild/android-arm": "0.17.16",
        "@esbuild/android-arm64": "0.17.16",
        "@esbuild/android-x64": "0.17.16",
        "@esbuild/darwin-arm64": "0.17.16",
        "@esbuild/darwin-x64": "0.17.16",
        "@esbuild/freebsd-arm64": "0.17.16",
        "@esbuild/freebsd-x64": "0.17.16",
        "@esbuild/linux-arm": "0.17.16",
        "@esbuild/linux-arm64": "0.17.16",
        "@esbuild/linux-ia32": "0.17.16",
        "@esbuild/linux-loong64": "0.17.16",
        "@esbuild/linux-mips64el": "0.17.16",
        "@esbuild/linux-ppc64": "0.17.16",
        "@esbuild/linux-riscv64": "0.17.16",
        "@esbuild/linux-s390x": "0.17.16",
        "@esbuild/linux-x64": "0.17.16",
        "@esbuild/netbsd-x64": "0.17.16",
        "@esbuild/openbsd-x64": "0.17.16",
        "@esbuild/sunos-x64": "0.17.16",
        "@esbuild/win32-arm64": "0.17.16",
        "@esbuild/win32-ia32": "0.17.16",
        "@esbuild/win32-x64": "0.17.16"
      }
    },
    "node_modules/events": {
      "version": "3.3.0",
      "resolved": "https://registry.npmjs.org/events/-/events-3.3.0.tgz",
      "integrity": "sha512-mQw+2fkQbALzQ7V0MY0IqdnXNOeTtP4r0lN9z7AAawCXgqea7bDii20AYrIBrFd/Hx0M2Ocz6S111CaFkUcb0Q==",
      "engines": {
        "node": ">=0.8.x"
      }
    },
    "node_modules/fsevents": {
      "version": "2.3.2",
      "resolved": "https://registry.npmjs.org/fsevents/-/fsevents-2.3.2.tgz",
      "integrity": "sha512-xiqMQR4xAeHTuB9uWm+fFRcIOgKBMiOBP+eXiyT7jsgVCq1bkVygt00oASowB7EdtpOHaaPgKt812P9ab+DDKA==",
      "dev": true,
      "hasInstallScript": true,
      "optional": true,
      "os": [
        "darwin"
      ],
      "engines": {
        "node": "^8.16.0 || ^10.6.0 || >=11.0.0"
      }
    },
    "node_modules/function-bind": {
      "version": "1.1.1",
      "resolved": "https://registry.npmjs.org/function-bind/-/function-bind-1.1.1.tgz",
      "integrity": "sha512-yIovAzMX49sF8Yl58fSCWJ5svSLuaibPxXQJFLmBObTuCr0Mf1KiPopGM9NiFjiYBCbfaa2Fh6breQ6ANVTI0A==",
      "dev": true
    },
    "node_modules/graphology": {
      "version": "0.25.1",
      "resolved": "https://registry.npmjs.org/graphology/-/graphology-0.25.1.tgz",
      "integrity": "sha512-yYA7BJCcXN2DrKNQQ9Qf22zBHm/yTbyBR71T1MYBbGtywNHsv0QZtk8zaR6zxNcp2hCCZayUkHp9DyMSZCpoxQ==",
      "dependencies": {
        "events": "^3.3.0",
        "obliterator": "^2.0.2"
      },
      "peerDependencies": {
        "graphology-types": ">=0.24.0"
      }
    },
    "node_modules/graphology-layout-forceatlas2": {
      "version": "0.10.1",
      "resolved": "https://registry.npmjs.org/graphology-layout-forceatlas2/-/graphology-layout-forceatlas2-0.10.1.tgz",
      "integrity": "sha512-ogzBeF1FvWzjkikrIFwxhlZXvD2+wlY54lqhsrWprcdPjopM2J9HoMweUmIgwaTvY4bUYVimpSsOdvDv1gPRFQ==",
      "dependencies": {
        "graphology-utils": "^2.1.0"
      },
      "peerDependencies": {
        "graphology-types": ">=0.19.0"
      }
    },
    "node_modules/graphology-types": {
      "version": "0.24.7",
      "resolved": "https://registry.npmjs.org/graphology-types/-/graphology-types-0.24.7.tgz",
      "integrity": "sha512-tdcqOOpwArNjEr0gNQKCXwaNCWnQJrog14nJNQPeemcLnXQUUGrsCWpWkVKt46zLjcS6/KGoayeJfHHyPDlvwA==",
      "peer": true
    },
    "node_modules/graphology-utils": {
      "version": "2.5.2",
      "resolved": "https://registry.npmjs.org/graphology-utils/-/graphology-utils-2.5.2.tgz",
      "integrity": "sha512-ckHg8MXrXJkOARk56ZaSCM1g1Wihe2d6iTmz1enGOz4W/l831MBCKSayeFQfowgF8wd+PQ4rlch/56Vs/VZLDQ==",
      "peerDependencies": {
        "graphology-types": ">=0.23.0"
      }
    },
    "node_modules/has": {
      "version": "1.0.3",
      "resolved": "https://registry.npmjs.org/has/-/has-1.0.3.tgz",
      "integrity": "sha512-f2dvO0VU6Oej7RkWJGrehjbzMAjFp5/VKPp5tTpWIV4JHHZK1/BxbFRtf/siA2SWTe09caDmVtYYzWEIbBS4zw==",
      "dev": true,
      "dependencies": {
        "function-bind": "^1.1.1"
      },
      "engines": {
        "node": ">= 0.4.0"
      }
    },
    "node_modules/iconv-lite": {
      "version": "0.6.3",
      "resolved": "https://registry.npmjs.org/iconv-lite/-/iconv-lite-0.6.3.tgz",
      "integrity": "sha512-4fCk79wshMdzMp2rH06qWrJE4iolqLhCUH+OiuIgU++RB0+94NlDL81atO7GX55uUKueo0txHNtvEyI6D7WdMw==",
      "dependencies": {
        "safer-buffer": ">= 2.1.2 < 3.0.0"
      },
      "engines": {
        "node": ">=0.10.0"
      }
    },
    "node_modules/internmap": {
      "version": "2.0.3",
      "resolved": "https://registry.npmjs.org/internmap/-/internmap-2.0.3.tgz",
      "integrity": "sha512-5Hh7Y1wQbvY5ooGgPbDaL5iYLAPzMTUrjMulskHLH6wnv/A+1q5rgEaiuqEjB+oxGXIVZs1FF+R/KPN3ZSQYYg==",
      "engines": {
        "node": ">=12"
      }
    },
    "node_modules/is-core-module": {
      "version": "2.11.0",
      "resolved": "https://registry.npmjs.org/is-core-module/-/is-core-module-2.11.0.tgz",
      "integrity": "sha512-RRjxlvLDkD1YJwDbroBHMb+cukurkDWNyHx7D3oNB5x9rb5ogcksMC5wHCadcXoo67gVr/+3GFySh3134zi6rw==",
      "dev": true,
      "dependencies": {
        "has": "^1.0.3"
      },
      "funding": {
        "url": "https://github.com/sponsors/ljharb"
      }
    },
    "node_modules/nanoid": {
      "version": "3.3.6",
      "resolved": "https://registry.npmjs.org/nanoid/-/nanoid-3.3.6.tgz",
      "integrity": "sha512-BGcqMMJuToF7i1rt+2PWSNVnWIkGCU78jBG3RxO/bZlnZPK2Cmi2QaffxGO/2RvWi9sL+FAiRiXMgsyxQ1DIDA==",
      "dev": true,
      "funding": [
        {
          "type": "github",
          "url": "https://github.com/sponsors/ai"
        }
      ],
      "bin": {
        "nanoid": "bin/nanoid.cjs"
      },
      "engines": {
        "node": "^10 || ^12 || ^13.7 || ^14 || >=15.0.1"
      }
    },
    "node_modules/obliterator": {
      "version": "2.0.4",
      "resolved": "https://registry.npmjs.org/obliterator/-/obliterator-2.0.4.tgz",
      "integrity": "sha512-lgHwxlxV1qIg1Eap7LgIeoBWIMFibOjbrYPIPJZcI1mmGAI2m3lNYpK12Y+GBdPQ0U1hRwSord7GIaawz962qQ=="
    },
    "node_modules/path-parse": {
      "version": "1.0.7",
      "resolved": "https://registry.npmjs.org/path-parse/-/path-parse-1.0.7.tgz",
      "integrity": "sha512-LDJzPVEEEPR+y48z93A0Ed0yXb8pAByGWo/k5YYdYgpY2/2EsOsksJrq7lOHxryrVOn1ejG6oAp8ahvOIQD8sw==",
      "dev": true
    },
    "node_modules/picocolors": {
      "version": "1.0.0",
      "resolved": "https://registry.npmjs.org/picocolors/-/picocolors-1.0.0.tgz",
      "integrity": "sha512-1fygroTLlHu66zi26VoTDv8yRgm0Fccecssto+MhsZ0D/DGW2sm8E8AjW7NU5VVTRt5GxbeZ5qBuJr+HyLYkjQ==",
      "dev": true
    },
    "node_modules/postcss": {
      "version": "8.4.21",
      "resolved": "https://registry.npmjs.org/postcss/-/postcss-8.4.21.tgz",
      "integrity": "sha512-tP7u/Sn/dVxK2NnruI4H9BG+x+Wxz6oeZ1cJ8P6G/PZY0IKk4k/63TDsQf2kQq3+qoJeLm2kIBUNlZe3zgb4Zg==",
      "dev": true,
      "funding": [
        {
          "type": "opencollective",
          "url": "https://opencollective.com/postcss/"
        },
        {
          "type": "tidelift",
          "url": "https://tidelift.com/funding/github/npm/postcss"
        }
      ],
      "dependencies": {
        "nanoid": "^3.3.4",
        "picocolors": "^1.0.0",
        "source-map-js": "^1.0.2"
      },
      "engines": {
        "node": "^10 || ^12 || >=14"
      }
    },
    "node_modules/resolve": {
      "version": "1.22.2",
      "resolved": "https://registry.npmjs.org/resolve/-/resolve-1.22.2.tgz",
      "integrity": "sha512-Sb+mjNHOULsBv818T40qSPeRiuWLyaGMa5ewydRLFimneixmVy2zdivRl+AF6jaYPC8ERxGDmFSiqui6SfPd+g==",
      "dev": true,
      "dependencies": {
        "is-core-module": "^2.11.0",
        "path-parse": "^1.0.7",
        "supports-preserve-symlinks-flag": "^1.0.0"
      },
      "bin": {
        "resolve": "bin/resolve"
      },
      "funding": {
        "url": "https://github.com/sponsors/ljharb"
      }
    },
    "node_modules/robust-predicates": {
      "version": "3.0.1",
      "resolved": "https://registry.npmjs.org/robust-predicates/-/robust-predicates-3.0.1.tgz",
      "integrity": "sha512-ndEIpszUHiG4HtDsQLeIuMvRsDnn8c8rYStabochtUeCvfuvNptb5TUbVD68LRAILPX7p9nqQGh4xJgn3EHS/g=="
    },
    "node_modules/rollup": {
      "version": "3.20.2",
      "resolved": "https://registry.npmjs.org/rollup/-/rollup-3.20.2.tgz",
      "integrity": "sha512-3zwkBQl7Ai7MFYQE0y1MeQ15+9jsi7XxfrqwTb/9EK8D9C9+//EBR4M+CuA1KODRaNbFez/lWxA5vhEGZp4MUg==",
      "dev": true,
      "bin": {
        "rollup": "dist/bin/rollup"
      },
      "engines": {
        "node": ">=14.18.0",
        "npm": ">=8.0.0"
      },
      "optionalDependencies": {
        "fsevents": "~2.3.2"
      }
    },
    "node_modules/rw": {
      "version": "1.3.3",
      "resolved": "https://registry.npmjs.org/rw/-/rw-1.3.3.tgz",
      "integrity": "sha512-PdhdWy89SiZogBLaw42zdeqtRJ//zFd2PgQavcICDUgJT5oW10QCRKbJ6bg4r0/UY2M6BWd5tkxuGFRvCkgfHQ=="
    },
    "node_modules/safer-buffer": {
      "version": "2.1.2",
      "resolved": "https://registry.npmjs.org/safer-buffer/-/safer-buffer-2.1.2.tgz",
      "integrity": "sha512-YZo3K82SD7Riyi0E1EQPojLz7kpepnSQI9IyPbHHg1XXXevb5dJI7tpyN2ADxGcQbHG7vcyRHk0cbwqcQriUtg=="
    },
    "node_modules/sigma": {
      "version": "3.0.0-alpha3",
      "resolved": "https://registry.npmjs.org/sigma/-/sigma-3.0.0-alpha3.tgz",
      "integrity": "sha512-WpUqM7cleO67/n/kaDL3ZP9yC2+6CgxL3J3GkQNqdt50PwFD30DVmLNldxhv+fFiXo8AX0Er4qVflL8ll/fCcg==",
      "dependencies": {
        "@yomguithereal/helpers": "^1.1.1",
        "events": "^3.3.0",
        "graphology-utils": "^2.5.0"
      }
    },
    "node_modules/source-map-js": {
      "version": "1.0.2",
      "resolved": "https://registry.npmjs.org/source-map-js/-/source-map-js-1.0.2.tgz",
      "integrity": "sha512-R0XvVJ9WusLiqTCEiGCmICCMplcCkIwwR11mOSD9CR5u+IXYdiseeEuXCVAjS54zqwkLcPNnmU4OeJ6tUrWhDw==",
      "dev": true,
      "engines": {
        "node": ">=0.10.0"
      }
    },
    "node_modules/supports-preserve-symlinks-flag": {
      "version": "1.0.0",
      "resolved": "https://registry.npmjs.org/supports-preserve-symlinks-flag/-/supports-preserve-symlinks-flag-1.0.0.tgz",
      "integrity": "sha512-ot0WnXS9fgdkgIcePe6RHNk1WA8+muPa6cSjeR3V8K27q9BB1rTE3R1p7Hv0z1ZyAc8s6Vvv8DIyWf681MAt0w==",
      "dev": true,
      "engines": {
        "node": ">= 0.4"
      },
      "funding": {
        "url": "https://github.com/sponsors/ljharb"
      }
    },
    "node_modules/vite": {
      "version": "4.2.1",
      "resolved": "https://registry.npmjs.org/vite/-/vite-4.2.1.tgz",
      "integrity": "sha512-7MKhqdy0ISo4wnvwtqZkjke6XN4taqQ2TBaTccLIpOKv7Vp2h4Y+NpmWCnGDeSvvn45KxvWgGyb0MkHvY1vgbg==",
      "dev": true,
      "dependencies": {
        "esbuild": "^0.17.5",
        "postcss": "^8.4.21",
        "resolve": "^1.22.1",
        "rollup": "^3.18.0"
      },
      "bin": {
        "vite": "bin/vite.js"
      },
      "engines": {
        "node": "^14.18.0 || >=16.0.0"
      },
      "optionalDependencies": {
        "fsevents": "~2.3.2"
      },
      "peerDependencies": {
        "@types/node": ">= 14",
        "less": "*",
        "sass": "*",
        "stylus": "*",
        "sugarss": "*",
        "terser": "^5.4.0"
      },
      "peerDependenciesMeta": {
        "@types/node": {
          "optional": true
        },
        "less": {
          "optional": true
        },
        "sass": {
          "optional": true
        },
        "stylus": {
          "optional": true
        },
        "sugarss": {
          "optional": true
        },
        "terser": {
          "optional": true
        }
      }
    }
  }
}
